
Microsoft Visual Studio Solution File, Format Version 12.00
Project("{FAE04EC0-301F-11D3-BF4B-00C04F79EFBC}") = "LiveShot.UI", "LiveShot.UI\LiveShot.UI.csproj", "{DE44EE39-C288-40E3-86E2-9B61AD2B0C8E}"
EndProject
Global
	GlobalSection(SolutionConfigurationPlatforms) = preSolution
		Debug|Any CPU = Debug|Any CPU
		Release|Any CPU = Release|Any CPU
	EndGlobalSection
	GlobalSection(ProjectConfigurationPlatforms) = postSolution
		{DE44EE39-C288-40E3-86E2-9B61AD2B0C8E}.Debug|Any CPU.ActiveCfg = Debug|Any CPU
		{DE44EE39-C288-40E3-86E2-9B61AD2B0C8E}.Debug|Any CPU.Build.0 = Debug|Any CPU
		{DE44EE39-C288-40E3-86E2-9B61AD2B0C8E}.Release|Any CPU.ActiveCfg = Release|Any CPU
		{DE44EE39-C288-40E3-86E2-9B61AD2B0C8E}.Release|Any CPU.Build.0 = Release|Any CPU
	EndGlobalSection
EndGlobal
